schema: '2.0'
stages:
  ingest:
    cmd: python -m ingestion.ingest_data
    deps:
    - path: ingestion/ingest_data.py
      hash: md5
      md5: 32179450a595a8a652d5beca972bc87e
      size: 6314
    - path: ingestion/load_movielens.py
      hash: md5
      md5: 2acfbf3cbd31d799c3c25f0aebb0c8dc
      size: 3086
    - path: project_config.py
      hash: md5
      md5: f9ff09958f79ac21e01fbc375582560c
      size: 1320
    outs:
    - path: data/raw/api
      hash: md5
      md5: fc1f3846e925e358b9c705a92d1f67f6.dir
      size: 513667
      nfiles: 3
    - path: data/raw/ingestion_manifest.json
      hash: md5
      md5: c3e657413d2c4146276c08cfc9e985bb
      size: 405
    - path: data/raw/ratings
      hash: md5
      md5: 9db256fe64c371ac2bafc2ead0a52cc4.dir
      size: 8933998
      nfiles: 2
  validate:
    cmd: python -m validation.validate_data
    deps:
    - path: data/raw/api
      hash: md5
      md5: fc1f3846e925e358b9c705a92d1f67f6.dir
      size: 513667
      nfiles: 3
    - path: data/raw/ingestion_manifest.json
      hash: md5
      md5: c3e657413d2c4146276c08cfc9e985bb
      size: 405
    - path: data/raw/ratings
      hash: md5
      md5: 9db256fe64c371ac2bafc2ead0a52cc4.dir
      size: 8933998
      nfiles: 2
    - path: project_config.py
      hash: md5
      md5: f9ff09958f79ac21e01fbc375582560c
      size: 1320
    - path: validation/validate_data.py
      hash: md5
      md5: 091ef6cc9c0de841a09b94e88de76040
      size: 7322
    outs:
    - path: reports/data_quality_report.pdf
      hash: md5
      md5: 6d9e3d81550e631dc614c36fcb8b7135
      size: 2276
    - path: reports/validation_report.json
      hash: md5
      md5: 149402669d5b8091d9bd6e2059aadebf
      size: 972
  prepare:
    cmd: python -m preprocessing.prepare_data
    deps:
    - path: data/raw/api
      hash: md5
      md5: fc1f3846e925e358b9c705a92d1f67f6.dir
      size: 513667
      nfiles: 3
    - path: data/raw/ingestion_manifest.json
      hash: md5
      md5: c3e657413d2c4146276c08cfc9e985bb
      size: 405
    - path: data/raw/ratings
      hash: md5
      md5: 9db256fe64c371ac2bafc2ead0a52cc4.dir
      size: 8933998
      nfiles: 2
    - path: preprocessing/prepare_data.py
      hash: md5
      md5: 882c1be2e71e898490a00bbedb0335ec
      size: 4020
    - path: project_config.py
      hash: md5
      md5: f9ff09958f79ac21e01fbc375582560c
      size: 1320
    outs:
    - path: data/processed/prepared_interactions.csv
      hash: md5
      md5: 60cda3ef7030b239346fde53d37334f0
      size: 13035257
    - path: reports/plots/feature_correlation.png
      hash: md5
      md5: 22cb8a75cb2529df14af2b06d543baa0
      size: 26019
    - path: reports/plots/interaction_sparsity.png
      hash: md5
      md5: 66ffb3b4ff4f5e32726c0e7342e3003c
      size: 73313
    - path: reports/plots/item_popularity.png
      hash: md5
      md5: 7f2dc84933f6ba71230816f22d3fcec9
      size: 22377
    - path: reports/plots/rating_distribution.png
      hash: md5
      md5: 7a8d9ed958b10e9354e8826ef1c9c639
      size: 14052
  features:
    cmd: python -m feature_engineering.engineer_features
    deps:
    - path: data/processed/prepared_interactions.csv
      hash: md5
      md5: 60cda3ef7030b239346fde53d37334f0
      size: 13035257
    - path: feature_engineering/engineer_features.py
      hash: md5
      md5: 718e49d229e54139aefe3ab9c4bf36b7
      size: 3005
    - path: project_config.py
      hash: md5
      md5: f9ff09958f79ac21e01fbc375582560c
      size: 1320
    outs:
    - path: data/features/feature_table.csv
      hash: md5
      md5: 0e2e190d1d7252711ab96d8938579fd1
      size: 9319790
    - path: database/recomart_features.db
      hash: md5
      md5: cadcbe0e251d753ac7d7f7aa062e0b21
      size: 3780608
  feature_store:
    cmd: python -m feature_store.feature_store
    deps:
    - path: data/features/feature_table.csv
      hash: md5
      md5: 0e2e190d1d7252711ab96d8938579fd1
      size: 9319790
    - path: feature_store/feature_store.py
      hash: md5
      md5: d8d2c0ef07a091a649640ce68a05f8d4
      size: 5453
    - path: project_config.py
      hash: md5
      md5: f9ff09958f79ac21e01fbc375582560c
      size: 1320
    outs:
    - path: data/features/feature_store_metadata.json
      hash: md5
      md5: f75d5d994a0b6b21aa76ec9a4c8cafe9
      size: 2116
    - path: data/features/versions
      hash: md5
      md5: af4cb06735b08074a640059f88b49e67.dir
      size: 9287476
      nfiles: 1
  train:
    cmd: python -m model.train_model
    deps:
    - path: data/features/feature_table.csv
      hash: md5
      md5: 0e2e190d1d7252711ab96d8938579fd1
      size: 9319790
    - path: model/train_model.py
      hash: md5
      md5: 7b6e6368eecc3e658c4c4940a65fbed2
      size: 6342
    - path: project_config.py
      hash: md5
      md5: f9ff09958f79ac21e01fbc375582560c
      size: 1320
    outs:
    - path: data/models/model_metadata.json
      hash: md5
      md5: adaca3cd473e0c2fe7ec5d6fbe459906
      size: 146386
    - path: data/models/recommendation_model.pkl
      hash: md5
      md5: 05751044634bb48f93dbc86430656c1f
      size: 12809824
